
Microsoft Visual Studio Solution File, Format Version 12.00
# Visual Studio Version 17
VisualStudioVersion = 17.0.31521.260
MinimumVisualStudioVersion = 10.0.40219.1
Project("{2150E333-8FDC-42A3-9474-1A3956D46DE8}") = "src", "src", "{92F40AFA-8416-40BE-9893-D35E1924C69D}"
EndProject
Project("{2150E333-8FDC-42A3-9474-1A3956D46DE8}") = "Services", "Services", "{4A1D2DFA-D091-4CD2-B9CB-D7AAA795ABD9}"
EndProject
Project("{2150E333-8FDC-42A3-9474-1A3956D46DE8}") = "dapr", "dapr", "{E011B243-0389-468B-B903-83445BED69A4}"
EndProject
Project("{2150E333-8FDC-42A3-9474-1A3956D46DE8}") = "components", "components", "{FBFB499A-7022-4417-881B-68F63DBDB7F4}"
	ProjectSection(SolutionItems) = preProject
		Memo.EScrm\dapr\components\pubsub.yaml = Memo.EScrm\dapr\components\pubsub.yaml
		Memo.EScrm\dapr\components\statestore.yaml = Memo.EScrm\dapr\components\statestore.yaml
	EndProjectSection
EndProject
Project("{2150E333-8FDC-42A3-9474-1A3956D46DE8}") = "Contracts", "Contracts", "{88AD0A79-5286-4C1C-8A58-AAC9E6870CCD}"
EndProject
Project("{2150E333-8FDC-42A3-9474-1A3956D46DE8}") = "Web", "Web", "{F3986DD3-0372-4929-B72A-09D93196541E}"
EndProject
Project("{2150E333-8FDC-42A3-9474-1A3956D46DE8}") = "ApiGateways", "ApiGateways", "{32774681-0D67-48A6-A379-D57015094F85}"
EndProject
Project("{E53339B2-1760-4266-BCC7-CA923CBCF16C}") = "docker-compose", "docker-compose.dcproj", "{27933875-55C6-4B94-A6F9-B1EC8A1163B6}"
EndProject
Project("{9A19103F-16F7-4668-BE54-9A1E7A4F7556}") = "Memo.EScrm.Caller", "src\ApiGateways\Caller\Memo.EScrm.Caller\Memo.EScrm.Caller.csproj", "{D842DFD0-2707-418D-9776-A922760E441B}"
EndProject
Project("{9A19103F-16F7-4668-BE54-9A1E7A4F7556}") = "Memo.EScrm.Contracts.Order", "src\Contracts\Memo.EScrm.Contracts.Order\Memo.EScrm.Contracts.Order.csproj", "{C2C1932E-6A91-4993-AE1D-0B55F1F23321}"
EndProject
Project("{9A19103F-16F7-4668-BE54-9A1E7A4F7556}") = "Memo.EScrm.Service.Order", "src\Services\Memo.EScrm.Service\Memo.EScrm.Service.Order.csproj", "{099F5D62-2EB1-4D39-BD72-DEFD260600D6}"
EndProject
Project("{9A19103F-16F7-4668-BE54-9A1E7A4F7556}") = "Memo.EScrm.Admin", "src\Web\Memo.EScrm.Admin\Memo.EScrm.Admin.csproj", "{AF8B6065-BC79-4F06-B593-AD77C2ABFF25}"
EndProject
Project("{2150E333-8FDC-42A3-9474-1A3956D46DE8}") = "test", "test", "{59E74088-8BFA-4971-AF6D-C4212D00501A}"
EndProject
Project("{FAE04EC0-301F-11D3-BF4B-00C04F79EFBC}") = "Memo.EScrm.Service.Order.Test", "test\Memo.EScrm.Service.Order.Test\Memo.EScrm.Service.Order.Test.csproj", "{3D8CD071-2B5B-467B-BEE9-42F4F64F8824}"
EndProject
Project("{2150E333-8FDC-42A3-9474-1A3956D46DE8}") = "config", "config", "{4CE02528-B1F9-4E01-B28D-604BB37451A1}"
	ProjectSection(SolutionItems) = preProject
		.gitignore = .gitignore
		nuget.config = nuget.config
	EndProjectSection
EndProject
Global
	GlobalSection(SolutionConfigurationPlatforms) = preSolution
		Debug|Any CPU = Debug|Any CPU
		Debug|x86 = Debug|x86
		Release|Any CPU = Release|Any CPU
		Release|x86 = Release|x86
	EndGlobalSection
	GlobalSection(ProjectConfigurationPlatforms) = postSolution
		{27933875-55C6-4B94-A6F9-B1EC8A1163B6}.Debug|Any CPU.ActiveCfg = Debug|Any CPU
		{27933875-55C6-4B94-A6F9-B1EC8A1163B6}.Debug|Any CPU.Build.0 = Debug|Any CPU
		{27933875-55C6-4B94-A6F9-B1EC8A1163B6}.Debug|x86.ActiveCfg = Debug|Any CPU
		{27933875-55C6-4B94-A6F9-B1EC8A1163B6}.Debug|x86.Build.0 = Debug|Any CPU
		{27933875-55C6-4B94-A6F9-B1EC8A1163B6}.Release|Any CPU.ActiveCfg = Release|Any CPU
		{27933875-55C6-4B94-A6F9-B1EC8A1163B6}.Release|Any CPU.Build.0 = Release|Any CPU
		{27933875-55C6-4B94-A6F9-B1EC8A1163B6}.Release|x86.ActiveCfg = Release|Any CPU
		{27933875-55C6-4B94-A6F9-B1EC8A1163B6}.Release|x86.Build.0 = Release|Any CPU
		{D842DFD0-2707-418D-9776-A922760E441B}.Debug|Any CPU.ActiveCfg = Debug|Any CPU
		{D842DFD0-2707-418D-9776-A922760E441B}.Debug|Any CPU.Build.0 = Debug|Any CPU
		{D842DFD0-2707-418D-9776-A922760E441B}.Debug|x86.ActiveCfg = Debug|Any CPU
		{D842DFD0-2707-418D-9776-A922760E441B}.Debug|x86.Build.0 = Debug|Any CPU
		{D842DFD0-2707-418D-9776-A922760E441B}.Release|Any CPU.ActiveCfg = Release|Any CPU
		{D842DFD0-2707-418D-9776-A922760E441B}.Release|Any CPU.Build.0 = Release|Any CPU
		{D842DFD0-2707-418D-9776-A922760E441B}.Release|x86.ActiveCfg = Release|Any CPU
		{D842DFD0-2707-418D-9776-A922760E441B}.Release|x86.Build.0 = Release|Any CPU
		{C2C1932E-6A91-4993-AE1D-0B55F1F23321}.Debug|Any CPU.ActiveCfg = Debug|Any CPU
		{C2C1932E-6A91-4993-AE1D-0B55F1F23321}.Debug|Any CPU.Build.0 = Debug|Any CPU
		{C2C1932E-6A91-4993-AE1D-0B55F1F23321}.Debug|x86.ActiveCfg = Debug|Any CPU
		{C2C1932E-6A91-4993-AE1D-0B55F1F23321}.Debug|x86.Build.0 = Debug|Any CPU
		{C2C1932E-6A91-4993-AE1D-0B55F1F23321}.Release|Any CPU.ActiveCfg = Release|Any CPU
		{C2C1932E-6A91-4993-AE1D-0B55F1F23321}.Release|Any CPU.Build.0 = Release|Any CPU
		{C2C1932E-6A91-4993-AE1D-0B55F1F23321}.Release|x86.ActiveCfg = Release|Any CPU
		{C2C1932E-6A91-4993-AE1D-0B55F1F23321}.Release|x86.Build.0 = Release|Any CPU
		{099F5D62-2EB1-4D39-BD72-DEFD260600D6}.Debug|Any CPU.ActiveCfg = Debug|Any CPU
		{099F5D62-2EB1-4D39-BD72-DEFD260600D6}.Debug|Any CPU.Build.0 = Debug|Any CPU
		{099F5D62-2EB1-4D39-BD72-DEFD260600D6}.Debug|x86.ActiveCfg = Debug|Any CPU
		{099F5D62-2EB1-4D39-BD72-DEFD260600D6}.Debug|x86.Build.0 = Debug|Any CPU
		{099F5D62-2EB1-4D39-BD72-DEFD260600D6}.Release|Any CPU.ActiveCfg = Release|Any CPU
		{099F5D62-2EB1-4D39-BD72-DEFD260600D6}.Release|Any CPU.Build.0 = Release|Any CPU
		{099F5D62-2EB1-4D39-BD72-DEFD260600D6}.Release|x86.ActiveCfg = Release|Any CPU
		{099F5D62-2EB1-4D39-BD72-DEFD260600D6}.Release|x86.Build.0 = Release|Any CPU
		{AF8B6065-BC79-4F06-B593-AD77C2ABFF25}.Debug|Any CPU.ActiveCfg = Debug|Any CPU
		{AF8B6065-BC79-4F06-B593-AD77C2ABFF25}.Debug|Any CPU.Build.0 = Debug|Any CPU
		{AF8B6065-BC79-4F06-B593-AD77C2ABFF25}.Debug|x86.ActiveCfg = Debug|Any CPU
		{AF8B6065-BC79-4F06-B593-AD77C2ABFF25}.Debug|x86.Build.0 = Debug|Any CPU
		{AF8B6065-BC79-4F06-B593-AD77C2ABFF25}.Release|Any CPU.ActiveCfg = Release|Any CPU
		{AF8B6065-BC79-4F06-B593-AD77C2ABFF25}.Release|Any CPU.Build.0 = Release|Any CPU
		{AF8B6065-BC79-4F06-B593-AD77C2ABFF25}.Release|x86.ActiveCfg = Release|Any CPU
		{AF8B6065-BC79-4F06-B593-AD77C2ABFF25}.Release|x86.Build.0 = Release|Any CPU
		{3D8CD071-2B5B-467B-BEE9-42F4F64F8824}.Debug|Any CPU.ActiveCfg = Debug|Any CPU
		{3D8CD071-2B5B-467B-BEE9-42F4F64F8824}.Debug|Any CPU.Build.0 = Debug|Any CPU
		{3D8CD071-2B5B-467B-BEE9-42F4F64F8824}.Debug|x86.ActiveCfg = Debug|Any CPU
		{3D8CD071-2B5B-467B-BEE9-42F4F64F8824}.Debug|x86.Build.0 = Debug|Any CPU
		{3D8CD071-2B5B-467B-BEE9-42F4F64F8824}.Release|Any CPU.ActiveCfg = Release|Any CPU
		{3D8CD071-2B5B-467B-BEE9-42F4F64F8824}.Release|Any CPU.Build.0 = Release|Any CPU
		{3D8CD071-2B5B-467B-BEE9-42F4F64F8824}.Release|x86.ActiveCfg = Release|Any CPU
		{3D8CD071-2B5B-467B-BEE9-42F4F64F8824}.Release|x86.Build.0 = Release|Any CPU
	EndGlobalSection
	GlobalSection(SolutionProperties) = preSolution
		HideSolutionNode = FALSE
	EndGlobalSection
	GlobalSection(NestedProjects) = preSolution
		{4A1D2DFA-D091-4CD2-B9CB-D7AAA795ABD9} = {92F40AFA-8416-40BE-9893-D35E1924C69D}
		{FBFB499A-7022-4417-881B-68F63DBDB7F4} = {E011B243-0389-468B-B903-83445BED69A4}
		{88AD0A79-5286-4C1C-8A58-AAC9E6870CCD} = {92F40AFA-8416-40BE-9893-D35E1924C69D}
		{F3986DD3-0372-4929-B72A-09D93196541E} = {92F40AFA-8416-40BE-9893-D35E1924C69D}
		{32774681-0D67-48A6-A379-D57015094F85} = {92F40AFA-8416-40BE-9893-D35E1924C69D}
		{D842DFD0-2707-418D-9776-A922760E441B} = {32774681-0D67-48A6-A379-D57015094F85}
		{C2C1932E-6A91-4993-AE1D-0B55F1F23321} = {88AD0A79-5286-4C1C-8A58-AAC9E6870CCD}
		{099F5D62-2EB1-4D39-BD72-DEFD260600D6} = {4A1D2DFA-D091-4CD2-B9CB-D7AAA795ABD9}
		{AF8B6065-BC79-4F06-B593-AD77C2ABFF25} = {F3986DD3-0372-4929-B72A-09D93196541E}
		{3D8CD071-2B5B-467B-BEE9-42F4F64F8824} = {59E74088-8BFA-4971-AF6D-C4212D00501A}
	EndGlobalSection
	GlobalSection(ExtensibilityGlobals) = postSolution
		SolutionGuid = {B83BA2BA-19E5-41FB-A92A-16A03DA229E4}
	EndGlobalSection
EndGlobal
