
Microsoft Visual Studio Solution File, Format Version 12.00
# Visual Studio Version 17
VisualStudioVersion = 17.0.31521.260
MinimumVisualStudioVersion = 10.0.40219.1
Project("{2150E333-8FDC-42A3-9474-1A3956D46DE8}") = "src", "src", "{92F40AFA-8416-40BE-9893-D35E1924C69D}"
EndProject
Project("{2150E333-8FDC-42A3-9474-1A3956D46DE8}") = "Services", "Services", "{4A1D2DFA-D091-4CD2-B9CB-D7AAA795ABD9}"
EndProject
Project("{2150E333-8FDC-42A3-9474-1A3956D46DE8}") = "dapr", "dapr", "{E011B243-0389-468B-B903-83445BED69A4}"
EndProject
Project("{2150E333-8FDC-42A3-9474-1A3956D46DE8}") = "components", "components", "{FBFB499A-7022-4417-881B-68F63DBDB7F4}"
	ProjectSection(SolutionItems) = preProject
		Memo.EScrm\dapr\components\pubsub.yaml = Memo.EScrm\dapr\components\pubsub.yaml
		Memo.EScrm\dapr\components\statestore.yaml = Memo.EScrm\dapr\components\statestore.yaml
	EndProjectSection
EndProject
Project("{9A19103F-16F7-4668-BE54-9A1E7A4F7556}") = "Memo.EScrm.Service.Order", "Memo.EScrm\src\Services\Memo.EScrm.Service\Memo.EScrm.Service.Order.csproj", "{41B4E94B-F5D8-457C-83BA-78DCDFC4BA91}"
EndProject
Project("{2150E333-8FDC-42A3-9474-1A3956D46DE8}") = "Contracts", "Contracts", "{88AD0A79-5286-4C1C-8A58-AAC9E6870CCD}"
EndProject
Project("{9A19103F-16F7-4668-BE54-9A1E7A4F7556}") = "Memo.EScrm.Contracts.Order", "Memo.EScrm\src\Contracts\Memo.EScrm.Contracts.Order\Memo.EScrm.Contracts.Order.csproj", "{6A9139A9-604F-47A3-85FE-33F92BBE6E56}"
EndProject
Project("{2150E333-8FDC-42A3-9474-1A3956D46DE8}") = "Web", "Web", "{F3986DD3-0372-4929-B72A-09D93196541E}"
EndProject
Project("{2150E333-8FDC-42A3-9474-1A3956D46DE8}") = "ApiGateways", "ApiGateways", "{32774681-0D67-48A6-A379-D57015094F85}"
EndProject
Project("{9A19103F-16F7-4668-BE54-9A1E7A4F7556}") = "Memo.EScrm.Caller", "Memo.EScrm\src\ApiGateways\Caller\Memo.EScrm.Caller\Memo.EScrm.Caller.csproj", "{42E2CB99-A201-42E2-816B-28D93F84F801}"
EndProject
Project("{9A19103F-16F7-4668-BE54-9A1E7A4F7556}") = "Memo.EScrm.Admin", "Memo.EScrm\src\Web\Memo.EScrm.Admin\Memo.EScrm.Admin.csproj", "{55DE9790-0626-4423-AFB1-2C65385AC12B}"
EndProject
Project("{E53339B2-1760-4266-BCC7-CA923CBCF16C}") = "docker-compose", "docker-compose.dcproj", "{27933875-55C6-4B94-A6F9-B1EC8A1163B6}"
EndProject
Global
	GlobalSection(SolutionConfigurationPlatforms) = preSolution
		Debug|Any CPU = Debug|Any CPU
		Debug|x86 = Debug|x86
		Release|Any CPU = Release|Any CPU
		Release|x86 = Release|x86
	EndGlobalSection
	GlobalSection(ProjectConfigurationPlatforms) = postSolution
		{41B4E94B-F5D8-457C-83BA-78DCDFC4BA91}.Debug|Any CPU.ActiveCfg = Debug|Any CPU
		{41B4E94B-F5D8-457C-83BA-78DCDFC4BA91}.Debug|Any CPU.Build.0 = Debug|Any CPU
		{41B4E94B-F5D8-457C-83BA-78DCDFC4BA91}.Debug|x86.ActiveCfg = Debug|Any CPU
		{41B4E94B-F5D8-457C-83BA-78DCDFC4BA91}.Debug|x86.Build.0 = Debug|Any CPU
		{41B4E94B-F5D8-457C-83BA-78DCDFC4BA91}.Release|Any CPU.ActiveCfg = Release|Any CPU
		{41B4E94B-F5D8-457C-83BA-78DCDFC4BA91}.Release|Any CPU.Build.0 = Release|Any CPU
		{41B4E94B-F5D8-457C-83BA-78DCDFC4BA91}.Release|x86.ActiveCfg = Release|Any CPU
		{41B4E94B-F5D8-457C-83BA-78DCDFC4BA91}.Release|x86.Build.0 = Release|Any CPU
		{6A9139A9-604F-47A3-85FE-33F92BBE6E56}.Debug|Any CPU.ActiveCfg = Debug|Any CPU
		{6A9139A9-604F-47A3-85FE-33F92BBE6E56}.Debug|Any CPU.Build.0 = Debug|Any CPU
		{6A9139A9-604F-47A3-85FE-33F92BBE6E56}.Debug|x86.ActiveCfg = Debug|Any CPU
		{6A9139A9-604F-47A3-85FE-33F92BBE6E56}.Debug|x86.Build.0 = Debug|Any CPU
		{6A9139A9-604F-47A3-85FE-33F92BBE6E56}.Release|Any CPU.ActiveCfg = Release|Any CPU
		{6A9139A9-604F-47A3-85FE-33F92BBE6E56}.Release|Any CPU.Build.0 = Release|Any CPU
		{6A9139A9-604F-47A3-85FE-33F92BBE6E56}.Release|x86.ActiveCfg = Release|Any CPU
		{6A9139A9-604F-47A3-85FE-33F92BBE6E56}.Release|x86.Build.0 = Release|Any CPU
		{42E2CB99-A201-42E2-816B-28D93F84F801}.Debug|Any CPU.ActiveCfg = Debug|Any CPU
		{42E2CB99-A201-42E2-816B-28D93F84F801}.Debug|Any CPU.Build.0 = Debug|Any CPU
		{42E2CB99-A201-42E2-816B-28D93F84F801}.Debug|x86.ActiveCfg = Debug|Any CPU
		{42E2CB99-A201-42E2-816B-28D93F84F801}.Debug|x86.Build.0 = Debug|Any CPU
		{42E2CB99-A201-42E2-816B-28D93F84F801}.Release|Any CPU.ActiveCfg = Release|Any CPU
		{42E2CB99-A201-42E2-816B-28D93F84F801}.Release|Any CPU.Build.0 = Release|Any CPU
		{42E2CB99-A201-42E2-816B-28D93F84F801}.Release|x86.ActiveCfg = Release|Any CPU
		{42E2CB99-A201-42E2-816B-28D93F84F801}.Release|x86.Build.0 = Release|Any CPU
		{55DE9790-0626-4423-AFB1-2C65385AC12B}.Debug|Any CPU.ActiveCfg = Debug|Any CPU
		{55DE9790-0626-4423-AFB1-2C65385AC12B}.Debug|Any CPU.Build.0 = Debug|Any CPU
		{55DE9790-0626-4423-AFB1-2C65385AC12B}.Debug|x86.ActiveCfg = Debug|Any CPU
		{55DE9790-0626-4423-AFB1-2C65385AC12B}.Debug|x86.Build.0 = Debug|Any CPU
		{55DE9790-0626-4423-AFB1-2C65385AC12B}.Release|Any CPU.ActiveCfg = Release|Any CPU
		{55DE9790-0626-4423-AFB1-2C65385AC12B}.Release|Any CPU.Build.0 = Release|Any CPU
		{55DE9790-0626-4423-AFB1-2C65385AC12B}.Release|x86.ActiveCfg = Release|Any CPU
		{55DE9790-0626-4423-AFB1-2C65385AC12B}.Release|x86.Build.0 = Release|Any CPU
		{27933875-55C6-4B94-A6F9-B1EC8A1163B6}.Debug|Any CPU.ActiveCfg = Debug|Any CPU
		{27933875-55C6-4B94-A6F9-B1EC8A1163B6}.Debug|Any CPU.Build.0 = Debug|Any CPU
		{27933875-55C6-4B94-A6F9-B1EC8A1163B6}.Debug|x86.ActiveCfg = Debug|Any CPU
		{27933875-55C6-4B94-A6F9-B1EC8A1163B6}.Debug|x86.Build.0 = Debug|Any CPU
		{27933875-55C6-4B94-A6F9-B1EC8A1163B6}.Release|Any CPU.ActiveCfg = Release|Any CPU
		{27933875-55C6-4B94-A6F9-B1EC8A1163B6}.Release|Any CPU.Build.0 = Release|Any CPU
		{27933875-55C6-4B94-A6F9-B1EC8A1163B6}.Release|x86.ActiveCfg = Release|Any CPU
		{27933875-55C6-4B94-A6F9-B1EC8A1163B6}.Release|x86.Build.0 = Release|Any CPU
	EndGlobalSection
	GlobalSection(SolutionProperties) = preSolution
		HideSolutionNode = FALSE
	EndGlobalSection
	GlobalSection(NestedProjects) = preSolution
		{4A1D2DFA-D091-4CD2-B9CB-D7AAA795ABD9} = {92F40AFA-8416-40BE-9893-D35E1924C69D}
		{FBFB499A-7022-4417-881B-68F63DBDB7F4} = {E011B243-0389-468B-B903-83445BED69A4}
		{41B4E94B-F5D8-457C-83BA-78DCDFC4BA91} = {4A1D2DFA-D091-4CD2-B9CB-D7AAA795ABD9}
		{88AD0A79-5286-4C1C-8A58-AAC9E6870CCD} = {92F40AFA-8416-40BE-9893-D35E1924C69D}
		{6A9139A9-604F-47A3-85FE-33F92BBE6E56} = {88AD0A79-5286-4C1C-8A58-AAC9E6870CCD}
		{F3986DD3-0372-4929-B72A-09D93196541E} = {92F40AFA-8416-40BE-9893-D35E1924C69D}
		{32774681-0D67-48A6-A379-D57015094F85} = {92F40AFA-8416-40BE-9893-D35E1924C69D}
		{42E2CB99-A201-42E2-816B-28D93F84F801} = {32774681-0D67-48A6-A379-D57015094F85}
		{55DE9790-0626-4423-AFB1-2C65385AC12B} = {F3986DD3-0372-4929-B72A-09D93196541E}
	EndGlobalSection
	GlobalSection(ExtensibilityGlobals) = postSolution
		SolutionGuid = {B83BA2BA-19E5-41FB-A92A-16A03DA229E4}
	EndGlobalSection
EndGlobal
